
Microsoft Visual Studio Solution File, Format Version 12.00
# Visual Studio Version 16
VisualStudioVersion = 16.0.30717.126
MinimumVisualStudioVersion = 10.0.40219.1
Project("{FAE04EC0-301F-11D3-BF4B-00C04F79EFBC}") = "ITServiceManagement", "ITServiceManagement\ITServiceManagement.csproj", "{31A1BF9D-07BD-4592-B3EA-E95BD1181F2B}"
EndProject
Project("{FAE04EC0-301F-11D3-BF4B-00C04F79EFBC}") = "ITServiceManagement.DataLayer", "ITServiceManagement.DataLayer\ITServiceManagement.DataLayer.csproj", "{7AE5400C-256A-43FB-BE6E-9F7649194B6E}"
EndProject
Global
	GlobalSection(SolutionConfigurationPlatforms) = preSolution
		Debug|Any CPU = Debug|Any CPU
		Release|Any CPU = Release|Any CPU
	EndGlobalSection
	GlobalSection(ProjectConfigurationPlatforms) = postSolution
		{31A1BF9D-07BD-4592-B3EA-E95BD1181F2B}.Debug|Any CPU.ActiveCfg = Debug|Any CPU
		{31A1BF9D-07BD-4592-B3EA-E95BD1181F2B}.Debug|Any CPU.Build.0 = Debug|Any CPU
		{31A1BF9D-07BD-4592-B3EA-E95BD1181F2B}.Release|Any CPU.ActiveCfg = Release|Any CPU
		{31A1BF9D-07BD-4592-B3EA-E95BD1181F2B}.Release|Any CPU.Build.0 = Release|Any CPU
		{7AE5400C-256A-43FB-BE6E-9F7649194B6E}.Debug|Any CPU.ActiveCfg = Debug|Any CPU
		{7AE5400C-256A-43FB-BE6E-9F7649194B6E}.Debug|Any CPU.Build.0 = Debug|Any CPU
		{7AE5400C-256A-43FB-BE6E-9F7649194B6E}.Release|Any CPU.ActiveCfg = Release|Any CPU
		{7AE5400C-256A-43FB-BE6E-9F7649194B6E}.Release|Any CPU.Build.0 = Release|Any CPU
	EndGlobalSection
	GlobalSection(SolutionProperties) = preSolution
		HideSolutionNode = FALSE
	EndGlobalSection
	GlobalSection(ExtensibilityGlobals) = postSolution
		SolutionGuid = {23B50A8A-6E0C-4BC9-9795-86982E6DB602}
	EndGlobalSection
EndGlobal
